{
  "nodes": {
    "home-manager": {
      "inputs": {
        "nixpkgs": [
          "nixpkgs"
        ]
      },
      "locked": {
        "lastModified": 1758463745,
        "narHash": "sha256-uhzsV0Q0I9j2y/rfweWeGif5AWe0MGrgZ/3TjpDYdGA=",
        "owner": "nix-community",
        "repo": "home-manager",
        "rev": "3b955f5f0a942f9f60cdc9cacb7844335d0f21c3",
        "type": "github"
      },
      "original": {
        "owner": "nix-community",
        "ref": "release-25.05",
        "repo": "home-manager",
        "type": "github"
      }
    },
    "nixpkgs": {
      "locked": {
        "lastModified": 1759735786,
        "narHash": "sha256-a0+h02lyP2KwSNrZz4wLJTu9ikujNsTWIC874Bv7IJ0=",
        "owner": "nixos",
        "repo": "nixpkgs",
        "rev": "20c4598c84a671783f741e02bf05cbfaf4907cff",
        "type": "github"
      },
      "original": {
        "owner": "nixos",
        "ref": "nixos-25.05",
        "repo": "nixpkgs",
        "type": "github"
      }
    },
    "nixpkgs-unstable": {
      "locked": {
        "lastModified": 1760038930,
        "narHash": "sha256-Oncbh0UmHjSlxO7ErQDM3KM0A5/Znfofj2BSzlHLeVw=",
        "owner": "nixos",
        "repo": "nixpkgs",
        "rev": "0b4defa2584313f3b781240b29d61f6f9f7e0df3",
        "type": "github"
      },
      "original": {
        "owner": "nixos",
        "ref": "nixos-unstable",
        "repo": "nixpkgs",
        "type": "github"
      }
    },
    "root": {
      "inputs": {
        "home-manager": "home-manager",
        "nixpkgs": "nixpkgs",
        "nixpkgs-unstable": "nixpkgs-unstable",
        "zsh-helix-mode": "zsh-helix-mode"
      }
    },
    "zsh-helix-mode": {
      "inputs": {
        "nixpkgs": [
          "nixpkgs"
        ]
      },
      "locked": {
        "lastModified": 1758445842,
        "narHash": "sha256-wiUocowz3uL3fTAxTfG3URhOwB2RrFWEmUnW4k0ETJ4=",
        "owner": "multirious",
        "repo": "zsh-helix-mode",
        "rev": "f9d72d23f5ce12da31967a6ecd15dcafa1355fa7",
        "type": "github"
      },
      "original": {
        "owner": "multirious",
        "ref": "main",
        "repo": "zsh-helix-mode",
        "type": "github"
      }
    }
  },
  "root": "root",
  "version": 7
}
